PODS:
  - DZNEmptyDataSet (1.8.1)
  - IQKeyboardManager (6.5.4)
  - MGZBase (0.2.0):
    - DZNEmptyDataSet
    - IQKeyboardManager
    - MJRefresh
    - ReactiveObjC
  - MJRefresh (3.2.0)
  - ReactiveObjC (3.1.1)

DEPENDENCIES:
  - MGZBase (from `../`)

SPEC REPOS:
  https://github.com/CocoaPods/Specs.git:
    - MJRefresh
    - ReactiveObjC
  trunk:
    - DZNEmptyDataSet
    - IQKeyboardManager

EXTERNAL SOURCES:
  MGZBase:
    :path: "../"

SPEC CHECKSUMS:
  DZNEmptyDataSet: 9525833b9e68ac21c30253e1d3d7076cc828eaa7
  IQKeyboardManager: 72b359cd7e777e3a984cedbe05f8da45320cbb63
  MGZBase: a7fbd3a6e1d81105f32f806b362df439078d0943
  MJRefresh: ed450d6eb9d3346a2cb033ab7eb6de090aeef437
  ReactiveObjC: 011caa393aa0383245f2dcf9bf02e86b80b36040

PODFILE CHECKSUM: 04dcbdcabced60e906fe2093a83f194eab144976

COCOAPODS: 1.8.4
